
Microsoft Visual Studio Solution File, Format Version 12.00
# Visual Studio Version 17
VisualStudioVersion = 17.1.32421.90
MinimumVisualStudioVersion = 10.0.40219.1
Project("{FAE04EC0-301F-11D3-BF4B-00C04F79EFBC}") = "RobotLocator", "RobotLocator\RobotLocator.csproj", "{21F27A7F-9125-42A1-8286-869E74139FC1}"
EndProject
Global
	GlobalSection(SolutionConfigurationPlatforms) = preSolution
		Debug|Any CPU = Debug|Any CPU
		Release|Any CPU = Release|Any CPU
	EndGlobalSection
	GlobalSection(ProjectConfigurationPlatforms) = postSolution
		{21F27A7F-9125-42A1-8286-869E74139FC1}.Debug|Any CPU.ActiveCfg = Debug|Any CPU
		{21F27A7F-9125-42A1-8286-869E74139FC1}.Debug|Any CPU.Build.0 = Debug|Any CPU
		{21F27A7F-9125-42A1-8286-869E74139FC1}.Release|Any CPU.ActiveCfg = Release|Any CPU
		{21F27A7F-9125-42A1-8286-869E74139FC1}.Release|Any CPU.Build.0 = Release|Any CPU
	EndGlobalSection
	GlobalSection(SolutionProperties) = preSolution
		HideSolutionNode = FALSE
	EndGlobalSection
	GlobalSection(ExtensibilityGlobals) = postSolution
		SolutionGuid = {262CFA2D-8675-4397-8830-3C3C8DABA94B}
	EndGlobalSection
EndGlobal
